
Microsoft Visual Studio Solution File, Format Version 12.00
# Visual Studio Version 17
VisualStudioVersion = 17.4.33103.184
MinimumVisualStudioVersion = 10.0.40219.1
Project("{FAE04EC0-301F-11D3-BF4B-00C04F79EFBC}") = "WealthLab.TASC", "WealthLab.TASC\WealthLab.TASC.csproj", "{DC2FF2CB-77A2-4866-8A37-31AFEAB4F188}"
EndProject
Global
	GlobalSection(SolutionConfigurationPlatforms) = preSolution
		Debug|Any CPU = Debug|Any CPU
		Release|Any CPU = Release|Any CPU
	EndGlobalSection
	GlobalSection(ProjectConfigurationPlatforms) = postSolution
		{DC2FF2CB-77A2-4866-8A37-31AFEAB4F188}.Debug|Any CPU.ActiveCfg = Debug|Any CPU
		{DC2FF2CB-77A2-4866-8A37-31AFEAB4F188}.Debug|Any CPU.Build.0 = Debug|Any CPU
		{DC2FF2CB-77A2-4866-8A37-31AFEAB4F188}.Release|Any CPU.ActiveCfg = Release|Any CPU
		{DC2FF2CB-77A2-4866-8A37-31AFEAB4F188}.Release|Any CPU.Build.0 = Release|Any CPU
	EndGlobalSection
	GlobalSection(SolutionProperties) = preSolution
		HideSolutionNode = FALSE
	EndGlobalSection
	GlobalSection(ExtensibilityGlobals) = postSolution
		SolutionGuid = {EC5308CD-7F12-46B8-86DE-AD76100BA62E}
	EndGlobalSection
EndGlobal
